
Microsoft Visual Studio Solution File, Format Version 12.00
# Visual Studio Version 16
VisualStudioVersion = 16.0.29230.47
MinimumVisualStudioVersion = 10.0.40219.1
Project("{FAE04EC0-301F-11D3-BF4B-00C04F79EFBC}") = "VKAPIEntity", "VKAPIEntity\VKAPIEntity.csproj", "{68D9094F-23C8-450A-A0A1-53D055D1BAC0}"
EndProject
Project("{FAE04EC0-301F-11D3-BF4B-00C04F79EFBC}") = "Example", "Example\Example.csproj", "{2C8BDA3D-23B2-488C-8A70-65C470A705CC}"
EndProject
Global
	GlobalSection(SolutionConfigurationPlatforms) = preSolution
		Debug|Any CPU = Debug|Any CPU
		Release|Any CPU = Release|Any CPU
	EndGlobalSection
	GlobalSection(ProjectConfigurationPlatforms) = postSolution
		{68D9094F-23C8-450A-A0A1-53D055D1BAC0}.Debug|Any CPU.ActiveCfg = Debug|Any CPU
		{68D9094F-23C8-450A-A0A1-53D055D1BAC0}.Debug|Any CPU.Build.0 = Debug|Any CPU
		{68D9094F-23C8-450A-A0A1-53D055D1BAC0}.Release|Any CPU.ActiveCfg = Release|Any CPU
		{68D9094F-23C8-450A-A0A1-53D055D1BAC0}.Release|Any CPU.Build.0 = Release|Any CPU
		{2C8BDA3D-23B2-488C-8A70-65C470A705CC}.Debug|Any CPU.ActiveCfg = Debug|Any CPU
		{2C8BDA3D-23B2-488C-8A70-65C470A705CC}.Debug|Any CPU.Build.0 = Debug|Any CPU
		{2C8BDA3D-23B2-488C-8A70-65C470A705CC}.Release|Any CPU.ActiveCfg = Release|Any CPU
		{2C8BDA3D-23B2-488C-8A70-65C470A705CC}.Release|Any CPU.Build.0 = Release|Any CPU
	EndGlobalSection
	GlobalSection(SolutionProperties) = preSolution
		HideSolutionNode = FALSE
	EndGlobalSection
	GlobalSection(ExtensibilityGlobals) = postSolution
		SolutionGuid = {EDD21B80-359A-4CE4-B1E7-183C3B9CB39C}
	EndGlobalSection
EndGlobal
